
Microsoft Visual Studio Solution File, Format Version 12.00
# Visual Studio 15
VisualStudioVersion = 15.0.28307.1000
MinimumVisualStudioVersion = 10.0.40219.1
Project("{FAE04EC0-301F-11D3-BF4B-00C04F79EFBC}") = "BTL", "BTL\BTL.csproj", "{6DF0E9ED-AC40-453D-884B-9EE3121EE19C}"
EndProject
Global
	GlobalSection(SolutionConfigurationPlatforms) = preSolution
		Debug|Any CPU = Debug|Any CPU
		Release|Any CPU = Release|Any CPU
	EndGlobalSection
	GlobalSection(ProjectConfigurationPlatforms) = postSolution
		{6DF0E9ED-AC40-453D-884B-9EE3121EE19C}.Debug|Any CPU.ActiveCfg = Debug|Any CPU
		{6DF0E9ED-AC40-453D-884B-9EE3121EE19C}.Debug|Any CPU.Build.0 = Debug|Any CPU
		{6DF0E9ED-AC40-453D-884B-9EE3121EE19C}.Release|Any CPU.ActiveCfg = Release|Any CPU
		{6DF0E9ED-AC40-453D-884B-9EE3121EE19C}.Release|Any CPU.Build.0 = Release|Any CPU
	EndGlobalSection
	GlobalSection(SolutionProperties) = preSolution
		HideSolutionNode = FALSE
	EndGlobalSection
	GlobalSection(ExtensibilityGlobals) = postSolution
		SolutionGuid = {A819D1F3-8CE4-4097-8DB9-38E1714E9B16}
	EndGlobalSection
EndGlobal
